<?xml version="1.0" encoding="UTF-8"?>
<Scheme
   LastUpgradeVersion = "1240"
   version = "1.7">
   <BuildAction
      parallelizeBuildables = "YES"
      buildImplicitDependencies = "YES">
      <BuildActionEntries>
         <BuildActionEntry
            buildForTesting = "YES"
            buildForRunning = "YES"
            buildForProfiling = "YES"
            buildForArchiving = "YES"
            buildForAnalyzing = "YES">
            <BuildableReference
               BuildableIdentifier = "primary"
               BlueprintIdentifier = "1D6058900D05DD3D006BFB54"
               BuildableName = "ITV_Player.app"
               BlueprintName = "ITVHub_iOS"
               ReferencedContainer = "container:ITVHub_iOS.xcodeproj">
            </BuildableReference>
         </BuildActionEntry>
         <BuildActionEntry
            buildForTesting = "YES"
            buildForRunning = "NO"
            buildForProfiling = "NO"
            buildForArchiving = "NO"
            buildForAnalyzing = "NO">
            <BuildableReference
               BuildableIdentifier = "primary"
               BlueprintIdentifier = "B3A021FA1E51E7C7001AAC41"
               BuildableName = "ITVHubUITests.octest"
               BlueprintName = "ITVHubUITests"
               ReferencedContainer = "container:ITVHub_iOS.xcodeproj">
            </BuildableReference>
         </BuildActionEntry>
      </BuildActionEntries>
   </BuildAction>
   <TestAction
      buildConfiguration = "Debug"
      selectedDebuggerIdentifier = "Xcode.DebuggerFoundation.Debugger.LLDB"
      selectedLauncherIdentifier = "Xcode.DebuggerFoundation.Launcher.LLDB"
      shouldUseLaunchSchemeArgsEnv = "YES"
      disableMainThreadChecker = "YES"
      codeCoverageEnabled = "YES">
      <Testables>
         <TestableReference
            skipped = "NO">
            <BuildableReference
               BuildableIdentifier = "primary"
               BlueprintIdentifier = "8AA0AE2F16EDEC900083BEC7"
               BuildableName = "Unit Tests.xctest"
               BlueprintName = "Unit Tests"
               ReferencedContainer = "container:ITVHub_iOS.xcodeproj">
            </BuildableReference>
         </TestableReference>
         <TestableReference
            skipped = "NO">
            <BuildableReference
               BuildableIdentifier = "primary"
               BlueprintIdentifier = "67E467221F73BF3E00E3B178"
               BuildableName = "CrocusTests.xctest"
               BlueprintName = "CrocusTests"
               ReferencedContainer = "container:../Frameworks/Crocus/Crocus.xcodeproj">
            </BuildableReference>
         </TestableReference>
         <TestableReference
            skipped = "NO">
            <BuildableReference
               BuildableIdentifier = "primary"
               BlueprintIdentifier = "67F957A220E12C8700768F4C"
               BuildableName = "FoundationExtendedTests.xctest"
               BlueprintName = "FoundationExtendedTests"
               ReferencedContainer = "container:../Frameworks/FoundationExtended/FoundationExtended.xcodeproj">
            </BuildableReference>
         </TestableReference>
         <TestableReference
            skipped = "NO">
            <BuildableReference
               BuildableIdentifier = "primary"
               BlueprintIdentifier = "67B2F61021136836000D1F95"
               BuildableName = "ITVServicesTests.xctest"
               BlueprintName = "ITVServicesTests"
               ReferencedContainer = "container:../Frameworks/ITVServices/ITVServices.xcodeproj">
            </BuildableReference>
         </TestableReference>
         <TestableReference
            skipped = "NO">
            <BuildableReference
               BuildableIdentifier = "primary"
               BlueprintIdentifier = "67F1CC7121135FFB007E7617"
               BuildableName = "Integration Tests.xctest"
               BlueprintName = "Integration Tests"
               ReferencedContainer = "container:../Frameworks/ITVServices/ITVServices.xcodeproj">
            </BuildableReference>
         </TestableReference>
         <TestableReference
            skipped = "NO">
            <BuildableReference
               BuildableIdentifier = "primary"
               BlueprintIdentifier = "67D9BA9F21DE623F00A14E9A"
               BuildableName = "ITVUIKitTests.xctest"
               BlueprintName = "ITVUIKitTests"
               ReferencedContainer = "container:../Frameworks/ITVUIKit/ITVUIKit/ITVUIKit.xcodeproj">
            </BuildableReference>
         </TestableReference>
         <TestableReference
            skipped = "NO">
            <BuildableReference
               BuildableIdentifier = "primary"
               BlueprintIdentifier = "EF5B1E1D22AE6C9600A12F8A"
               BuildableName = "RemoteMessagingTests.xctest"
               BlueprintName = "RemoteMessagingTests"
               ReferencedContainer = "container:../Frameworks/RemoteMessaging/RemoteMessaging.xcodeproj">
            </BuildableReference>
         </TestableReference>
         <TestableReference
            skipped = "NO">
            <BuildableReference
               BuildableIdentifier = "primary"
               BlueprintIdentifier = "334E530220654E3900EA81DD"
               BuildableName = "RichTextFormatterTests.xctest"
               BlueprintName = "RichTextFormatterTests"
               ReferencedContainer = "container:../Frameworks/RichTextFormatter/RichTextFormatter.xcodeproj">
            </BuildableReference>
         </TestableReference>
         <TestableReference
            skipped = "NO">
            <BuildableReference
               BuildableIdentifier = "primary"
               BlueprintIdentifier = "67BCA7D5252B38C4001A3C35"
               BuildableName = "CoreTests.xctest"
               BlueprintName = "CoreTests"
               ReferencedContainer = "container:../Frameworks/Core/Core.xcodeproj">
            </BuildableReference>
         </TestableReference>
         <TestableReference
            skipped = "NO">
            <BuildableReference
               BuildableIdentifier = "primary"
               BlueprintIdentifier = "71A36EB4245C162D00FA4CBE"
               BuildableName = "TestUtilitiesTests.xctest"
               BlueprintName = "TestUtilitiesTests"
               ReferencedContainer = "container:../Frameworks/TestUtilities/TestUtilities.xcodeproj">
            </BuildableReference>
         </TestableReference>
      </Testables>
   </TestAction>
   <LaunchAction
      buildConfiguration = "Debug"
      selectedDebuggerIdentifier = "Xcode.DebuggerFoundation.Debugger.LLDB"
      selectedLauncherIdentifier = "Xcode.DebuggerFoundation.Launcher.LLDB"
      launchStyle = "0"
      useCustomWorkingDirectory = "NO"
      ignoresPersistentStateOnLaunch = "NO"
      debugDocumentVersioning = "YES"
      debugServiceExtension = "internal"
      allowLocationSimulation = "YES">
      <BuildableProductRunnable
         runnableDebuggingMode = "0">
         <BuildableReference
            BuildableIdentifier = "primary"
            BlueprintIdentifier = "1D6058900D05DD3D006BFB54"
            BuildableName = "ITV_Player.app"
            BlueprintName = "ITVHub_iOS"
            ReferencedContainer = "container:ITVHub_iOS.xcodeproj">
         </BuildableReference>
      </BuildableProductRunnable>
      <LocationScenarioReference
         identifier = "../xcode_locations.gpx"
         referenceType = "0">
      </LocationScenarioReference>
   </LaunchAction>
   <ProfileAction
      buildConfiguration = "Debug"
      shouldUseLaunchSchemeArgsEnv = "YES"
      savedToolIdentifier = ""
      useCustomWorkingDirectory = "NO"
      debugDocumentVersioning = "YES">
      <BuildableProductRunnable
         runnableDebuggingMode = "0">
         <BuildableReference
            BuildableIdentifier = "primary"
            BlueprintIdentifier = "1D6058900D05DD3D006BFB54"
            BuildableName = "ITV_Player.app"
            BlueprintName = "ITVHub_iOS"
            ReferencedContainer = "container:ITVHub_iOS.xcodeproj">
         </BuildableReference>
      </BuildableProductRunnable>
   </ProfileAction>
   <AnalyzeAction
      buildConfiguration = "Debug">
   </AnalyzeAction>
   <ArchiveAction
      buildConfiguration = "Release"
      revealArchiveInOrganizer = "YES">
   </ArchiveAction>
</Scheme>
